
Microsoft Visual Studio Solution File, Format Version 12.00
# Visual Studio Version 17
VisualStudioVersion = 17.2.32516.85
MinimumVisualStudioVersion = 10.0.40219.1
Project("{9A19103F-16F7-4668-BE54-9A1E7A4F7556}") = "Code_Hamming", "Code_Hamming\Code_Hamming.csproj", "{0BC5291F-87D7-4965-AE63-AE275FDBEEB8}"
EndProject
Global
	GlobalSection(SolutionConfigurationPlatforms) = preSolution
		Debug|Any CPU = Debug|Any CPU
		Release|Any CPU = Release|Any CPU
	EndGlobalSection
	GlobalSection(ProjectConfigurationPlatforms) = postSolution
		{0BC5291F-87D7-4965-AE63-AE275FDBEEB8}.Debug|Any CPU.ActiveCfg = Debug|Any CPU
		{0BC5291F-87D7-4965-AE63-AE275FDBEEB8}.Debug|Any CPU.Build.0 = Debug|Any CPU
		{0BC5291F-87D7-4965-AE63-AE275FDBEEB8}.Release|Any CPU.ActiveCfg = Release|Any CPU
		{0BC5291F-87D7-4965-AE63-AE275FDBEEB8}.Release|Any CPU.Build.0 = Release|Any CPU
	EndGlobalSection
	GlobalSection(SolutionProperties) = preSolution
		HideSolutionNode = FALSE
	EndGlobalSection
	GlobalSection(ExtensibilityGlobals) = postSolution
		SolutionGuid = {0C6CF943-D6AC-46DC-B7C1-C776E4FD1D8C}
	EndGlobalSection
EndGlobal
